
Microsoft Visual Studio Solution File, Format Version 12.00
# Visual Studio Version 16
VisualStudioVersion = 16.0.30128.74
MinimumVisualStudioVersion = 10.0.40219.1
Project("{FAE04EC0-301F-11D3-BF4B-00C04F79EFBC}") = "Hexagonal.Algorithms", "Hexagonal.Algorithms\Hexagonal.Algorithms.csproj", "{12CDB0A2-429A-4E38-89B4-21DDE26983BE}"
EndProject
Global
	GlobalSection(SolutionConfigurationPlatforms) = preSolution
		Debug|Any CPU = Debug|Any CPU
		Release|Any CPU = Release|Any CPU
	EndGlobalSection
	GlobalSection(ProjectConfigurationPlatforms) = postSolution
		{12CDB0A2-429A-4E38-89B4-21DDE26983BE}.Debug|Any CPU.ActiveCfg = Debug|Any CPU
		{12CDB0A2-429A-4E38-89B4-21DDE26983BE}.Debug|Any CPU.Build.0 = Debug|Any CPU
		{12CDB0A2-429A-4E38-89B4-21DDE26983BE}.Release|Any CPU.ActiveCfg = Release|Any CPU
		{12CDB0A2-429A-4E38-89B4-21DDE26983BE}.Release|Any CPU.Build.0 = Release|Any CPU
	EndGlobalSection
	GlobalSection(SolutionProperties) = preSolution
		HideSolutionNode = FALSE
	EndGlobalSection
	GlobalSection(ExtensibilityGlobals) = postSolution
		SolutionGuid = {0266D774-48C4-41A8-806A-64E73C1E26CB}
	EndGlobalSection
EndGlobal
